dependencies:
- name: clusterd
  repository: file://../clusterd
  version: 0.1.0
- name: policyd
  repository: file://../policyd
  version: 0.1.0
- name: dlpd
  repository: file://../dlpd
  version: 0.1.0
- name: rated
  repository: file://../rated
  version: 0.1.0
- name: sasid
  repository: file://../sasid
  version: 0.1.0
- name: savdid
  repository: file://../savdid
  version: 0.1.0
- name: expurgate
  repository: file://../expurgate
  version: 0.1.0
- name: smtpd
  repository: file://../smtpd
  version: 0.1.1
- name: web
  repository: file://../web
  version: 0.1.1
- name: classifier
  repository: file://../classifier
  version: 0.1.0
digest: sha256:8b3418f23918249dd9d038bb8cef0b5e89b67474cccb77fbf9992690f7f33452
generated: "2026-03-11T10:46:56.582227748Z"
