dependencies:
- name: clusterd
  repository: file://../clusterd
  version: 0.1.0
- name: policyd
  repository: file://../policyd
  version: 0.1.0
- name: dlpd
  repository: file://../dlpd
  version: 0.1.0
- name: rated
  repository: file://../rated
  version: 0.1.0
- name: sasid
  repository: file://../sasid
  version: 0.1.0
- name: savdid
  repository: file://../savdid
  version: 0.1.0
- name: expurgate
  repository: file://../expurgate
  version: 0.1.0
- name: smtpd
  repository: file://../smtpd
  version: 0.1.1
- name: web
  repository: file://../web
  version: 0.1.3
- name: classifier
  repository: file://../classifier
  version: 0.1.0
digest: sha256:de29f7cf18725b9e28423a57232ad527f86a2e1856ed98dded4e00261e3c90f5
generated: "2026-03-25T13:37:55.974011951Z"
