dependencies:
- name: clusterd
  repository: file://../clusterd
  version: 0.1.0
- name: policyd
  repository: file://../policyd
  version: 0.1.0
- name: dlpd
  repository: file://../dlpd
  version: 0.1.0
- name: rated
  repository: file://../rated
  version: 0.1.0
- name: sasid
  repository: file://../sasid
  version: 0.1.0
- name: savdid
  repository: file://../savdid
  version: 0.1.0
- name: expurgate
  repository: file://../expurgate
  version: 0.1.0
- name: smtpd
  repository: file://../smtpd
  version: 0.1.1
- name: web
  repository: file://../web
  version: 0.1.2
- name: classifier
  repository: file://../classifier
  version: 0.1.0
digest: sha256:f64cbebd8c678ef2c6b95438efdae1260bc27627a99f3dbc9bd08d8d726e67b8
generated: "2026-03-24T10:52:23.60598662Z"
